{
  "name": "functions",
  "lockfileVersion": 3,
  "requires": true,
  "packages": {
    "": {
      "dependencies": {
        "igreja-contabilidade-frontend": "file:.."
      }
    },
    "..": {
      "name": "igreja-contabilidade-frontend",
      "version": "1.0.0",
      "dependencies": {
        "@capacitor/android": "^8.0.1",
        "@capacitor/app": "^8.0.0",
        "@capacitor/cli": "^8.0.1",
        "@capacitor/core": "^8.0.1",
        "@capacitor/push-notifications": "^7.0.3",
        "@dataconnect/generated": "file:src/dataconnect-generated",
        "@heroicons/react": "^2.0.18",
        "@types/moment": "^2.11.29",
        "@types/node": "^16.18.68",
        "@types/react": "^18.2.66",
        "@types/react-big-calendar": "^1.16.3",
        "@types/react-dom": "^18.2.22",
        "axios": "^1.6.2",
        "firebase": "^12.3.0",
        "framer-motion": "^11.18.2",
        "html2canvas": "^1.4.1",
        "jspdf": "^2.5.1",
        "lodash": "^4.17.21",
        "moment": "^2.30.1",
        "react": "18.2.0",
        "react-big-calendar": "^1.19.4",
        "react-dom": "18.2.0",
        "react-icons": "^4.12.0",
        "react-router-dom": "^6.20.1",
        "react-scripts": "5.0.1",
        "react-toastify": "^9.1.3",
        "recharts": "^2.8.0",
        "typescript": "4.9.5",
        "uuid": "^9.0.1",
        "web-vitals": "^2.1.4"
      },
      "devDependencies": {
        "@testing-library/jest-dom": "^6.9.1",
        "@testing-library/react": "^16.3.0"
      },
      "engines": {
        "node": ">=16.0.0",
        "npm": ">=8.0.0"
      }
    },
    "node_modules/igreja-contabilidade-frontend": {
      "resolved": "..",
      "link": true
    }
  }
}
